
Microsoft Visual Studio Solution File, Format Version 12.00
# Visual Studio 15
VisualStudioVersion = 15.0.26403.7
MinimumVisualStudioVersion = 10.0.40219.1
Project("{8BC9CEB8-8B4A-11D0-8D11-00A0C91BC942}") = "SandwichBoxBot", "SandwichBoxBot\SandwichBoxBot.vcxproj", "{C5F80730-F44F-4478-BDAE-6634EFC2CA88}"
EndProject
Project("{FAE04EC0-301F-11D3-BF4B-00C04F79EFBC}") = "SBBotDesktopTests", "SBBotDesktopTests\SBBotDesktopTests.csproj", "{2E3DF5C2-8A38-4A03-86D7-8D463C917E47}"
EndProject
Project("{FAE04EC0-301F-11D3-BF4B-00C04F79EFBC}") = "SBBotDesktop", "SBBotDesktop\SBBotDesktop.csproj", "{BB038ECF-45C5-4C8E-8AE7-F9A86D1B39B0}"
EndProject
Project("{FAE04EC0-301F-11D3-BF4B-00C04F79EFBC}") = "SBBotMobile.Android", "SBBotMobile\SBBotMobile.Android\SBBotMobile.Android.csproj", "{869C8AC9-AE9C-4FB6-969C-8CE09D75F034}"
EndProject
Project("{FAE04EC0-301F-11D3-BF4B-00C04F79EFBC}") = "SBBotMobile", "SBBotMobile\SBBotMobile\SBBotMobile.csproj", "{7ECEF4F8-3C96-4271-9780-3A72F1D1FACF}"
EndProject
Project("{FAE04EC0-301F-11D3-BF4B-00C04F79EFBC}") = "SBBotMobile.UWP", "SBBotMobile\SBBotMobile.UWP\SBBotMobile.UWP.csproj", "{18FADBC9-584F-4299-AC4E-038EDC548B77}"
EndProject
Project("{FAE04EC0-301F-11D3-BF4B-00C04F79EFBC}") = "SBBotMobile.iOS", "SBBotMobile\SBBotMobile.iOS\SBBotMobile.iOS.csproj", "{3E10A3FC-3EC8-47BA-BCE4-5E41717E5792}"
EndProject
Global
	GlobalSection(SolutionConfigurationPlatforms) = preSolution
		Ad-Hoc|Any CPU = Ad-Hoc|Any CPU
		Ad-Hoc|ARM = Ad-Hoc|ARM
		Ad-Hoc|iPhone = Ad-Hoc|iPhone
		Ad-Hoc|iPhoneSimulator = Ad-Hoc|iPhoneSimulator
		Ad-Hoc|x64 = Ad-Hoc|x64
		Ad-Hoc|x86 = Ad-Hoc|x86
		AppStore|Any CPU = AppStore|Any CPU
		AppStore|ARM = AppStore|ARM
		AppStore|iPhone = AppStore|iPhone
		AppStore|iPhoneSimulator = AppStore|iPhoneSimulator
		AppStore|x64 = AppStore|x64
		AppStore|x86 = AppStore|x86
		Debug|Any CPU = Debug|Any CPU
		Debug|ARM = Debug|ARM
		Debug|iPhone = Debug|iPhone
		Debug|iPhoneSimulator = Debug|iPhoneSimulator
		Debug|x64 = Debug|x64
		Debug|x86 = Debug|x86
		Release|Any CPU = Release|Any CPU
		Release|ARM = Release|ARM
		Release|iPhone = Release|iPhone
		Release|iPhoneSimulator = Release|iPhoneSimulator
		Release|x64 = Release|x64
		Release|x86 = Release|x86
	EndGlobalSection
	GlobalSection(ProjectConfigurationPlatforms) = postSolution
		{C5F80730-F44F-4478-BDAE-6634EFC2CA88}.Ad-Hoc|Any CPU.ActiveCfg = Release|Win32
		{C5F80730-F44F-4478-BDAE-6634EFC2CA88}.Ad-Hoc|Any CPU.Build.0 = Release|Win32
		{C5F80730-F44F-4478-BDAE-6634EFC2CA88}.Ad-Hoc|ARM.ActiveCfg = Release|Win32
		{C5F80730-F44F-4478-BDAE-6634EFC2CA88}.Ad-Hoc|ARM.Build.0 = Release|Win32
		{C5F80730-F44F-4478-BDAE-6634EFC2CA88}.Ad-Hoc|iPhone.ActiveCfg = Release|Win32
		{C5F80730-F44F-4478-BDAE-6634EFC2CA88}.Ad-Hoc|iPhone.Build.0 = Release|Win32
		{C5F80730-F44F-4478-BDAE-6634EFC2CA88}.Ad-Hoc|iPhoneSimulator.ActiveCfg = Release|Win32
		{C5F80730-F44F-4478-BDAE-6634EFC2CA88}.Ad-Hoc|iPhoneSimulator.Build.0 = Release|Win32
		{C5F80730-F44F-4478-BDAE-6634EFC2CA88}.Ad-Hoc|x64.ActiveCfg = Release|Win32
		{C5F80730-F44F-4478-BDAE-6634EFC2CA88}.Ad-Hoc|x64.Build.0 = Release|Win32
		{C5F80730-F44F-4478-BDAE-6634EFC2CA88}.Ad-Hoc|x86.ActiveCfg = Release|Win32
		{C5F80730-F44F-4478-BDAE-6634EFC2CA88}.Ad-Hoc|x86.Build.0 = Release|Win32
		{C5F80730-F44F-4478-BDAE-6634EFC2CA88}.AppStore|Any CPU.ActiveCfg = Release|Win32
		{C5F80730-F44F-4478-BDAE-6634EFC2CA88}.AppStore|Any CPU.Build.0 = Release|Win32
		{C5F80730-F44F-4478-BDAE-6634EFC2CA88}.AppStore|ARM.ActiveCfg = Release|Win32
		{C5F80730-F44F-4478-BDAE-6634EFC2CA88}.AppStore|ARM.Build.0 = Release|Win32
		{C5F80730-F44F-4478-BDAE-6634EFC2CA88}.AppStore|iPhone.ActiveCfg = Release|Win32
		{C5F80730-F44F-4478-BDAE-6634EFC2CA88}.AppStore|iPhone.Build.0 = Release|Win32
		{C5F80730-F44F-4478-BDAE-6634EFC2CA88}.AppStore|iPhoneSimulator.ActiveCfg = Release|Win32
		{C5F80730-F44F-4478-BDAE-6634EFC2CA88}.AppStore|iPhoneSimulator.Build.0 = Release|Win32
		{C5F80730-F44F-4478-BDAE-6634EFC2CA88}.AppStore|x64.ActiveCfg = Release|Win32
		{C5F80730-F44F-4478-BDAE-6634EFC2CA88}.AppStore|x64.Build.0 = Release|Win32
		{C5F80730-F44F-4478-BDAE-6634EFC2CA88}.AppStore|x86.ActiveCfg = Release|Win32
		{C5F80730-F44F-4478-BDAE-6634EFC2CA88}.AppStore|x86.Build.0 = Release|Win32
		{C5F80730-F44F-4478-BDAE-6634EFC2CA88}.Debug|Any CPU.ActiveCfg = Debug|Win32
		{C5F80730-F44F-4478-BDAE-6634EFC2CA88}.Debug|ARM.ActiveCfg = Debug|Win32
		{C5F80730-F44F-4478-BDAE-6634EFC2CA88}.Debug|iPhone.ActiveCfg = Debug|Win32
		{C5F80730-F44F-4478-BDAE-6634EFC2CA88}.Debug|iPhoneSimulator.ActiveCfg = Debug|Win32
		{C5F80730-F44F-4478-BDAE-6634EFC2CA88}.Debug|x64.ActiveCfg = Debug|Win32
		{C5F80730-F44F-4478-BDAE-6634EFC2CA88}.Debug|x86.ActiveCfg = Debug|Win32
		{C5F80730-F44F-4478-BDAE-6634EFC2CA88}.Debug|x86.Build.0 = Debug|Win32
		{C5F80730-F44F-4478-BDAE-6634EFC2CA88}.Release|Any CPU.ActiveCfg = Release|Win32
		{C5F80730-F44F-4478-BDAE-6634EFC2CA88}.Release|ARM.ActiveCfg = Release|Win32
		{C5F80730-F44F-4478-BDAE-6634EFC2CA88}.Release|iPhone.ActiveCfg = Release|Win32
		{C5F80730-F44F-4478-BDAE-6634EFC2CA88}.Release|iPhoneSimulator.ActiveCfg = Release|Win32
		{C5F80730-F44F-4478-BDAE-6634EFC2CA88}.Release|x64.ActiveCfg = Release|Win32
		{C5F80730-F44F-4478-BDAE-6634EFC2CA88}.Release|x86.ActiveCfg = Release|Win32
		{C5F80730-F44F-4478-BDAE-6634EFC2CA88}.Release|x86.Build.0 = Release|Win32
		{2E3DF5C2-8A38-4A03-86D7-8D463C917E47}.Ad-Hoc|Any CPU.ActiveCfg = Release|Any CPU
		{2E3DF5C2-8A38-4A03-86D7-8D463C917E47}.Ad-Hoc|Any CPU.Build.0 = Release|Any CPU
		{2E3DF5C2-8A38-4A03-86D7-8D463C917E47}.Ad-Hoc|ARM.ActiveCfg = Release|Any CPU
		{2E3DF5C2-8A38-4A03-86D7-8D463C917E47}.Ad-Hoc|ARM.Build.0 = Release|Any CPU
		{2E3DF5C2-8A38-4A03-86D7-8D463C917E47}.Ad-Hoc|iPhone.ActiveCfg = Release|Any CPU
		{2E3DF5C2-8A38-4A03-86D7-8D463C917E47}.Ad-Hoc|iPhone.Build.0 = Release|Any CPU
		{2E3DF5C2-8A38-4A03-86D7-8D463C917E47}.Ad-Hoc|iPhoneSimulator.ActiveCfg = Release|Any CPU
		{2E3DF5C2-8A38-4A03-86D7-8D463C917E47}.Ad-Hoc|iPhoneSimulator.Build.0 = Release|Any CPU
		{2E3DF5C2-8A38-4A03-86D7-8D463C917E47}.Ad-Hoc|x64.ActiveCfg = Release|Any CPU
		{2E3DF5C2-8A38-4A03-86D7-8D463C917E47}.Ad-Hoc|x64.Build.0 = Release|Any CPU
		{2E3DF5C2-8A38-4A03-86D7-8D463C917E47}.Ad-Hoc|x86.ActiveCfg = Release|Any CPU
		{2E3DF5C2-8A38-4A03-86D7-8D463C917E47}.Ad-Hoc|x86.Build.0 = Release|Any CPU
		{2E3DF5C2-8A38-4A03-86D7-8D463C917E47}.AppStore|Any CPU.ActiveCfg = Release|Any CPU
		{2E3DF5C2-8A38-4A03-86D7-8D463C917E47}.AppStore|Any CPU.Build.0 = Release|Any CPU
		{2E3DF5C2-8A38-4A03-86D7-8D463C917E47}.AppStore|ARM.ActiveCfg = Release|Any CPU
		{2E3DF5C2-8A38-4A03-86D7-8D463C917E47}.AppStore|ARM.Build.0 = Release|Any CPU
		{2E3DF5C2-8A38-4A03-86D7-8D463C917E47}.AppStore|iPhone.ActiveCfg = Release|Any CPU
		{2E3DF5C2-8A38-4A03-86D7-8D463C917E47}.AppStore|iPhone.Build.0 = Release|Any CPU
		{2E3DF5C2-8A38-4A03-86D7-8D463C917E47}.AppStore|iPhoneSimulator.ActiveCfg = Release|Any CPU
		{2E3DF5C2-8A38-4A03-86D7-8D463C917E47}.AppStore|iPhoneSimulator.Build.0 = Release|Any CPU
		{2E3DF5C2-8A38-4A03-86D7-8D463C917E47}.AppStore|x64.ActiveCfg = Release|Any CPU
		{2E3DF5C2-8A38-4A03-86D7-8D463C917E47}.AppStore|x64.Build.0 = Release|Any CPU
		{2E3DF5C2-8A38-4A03-86D7-8D463C917E47}.AppStore|x86.ActiveCfg = Release|Any CPU
		{2E3DF5C2-8A38-4A03-86D7-8D463C917E47}.AppStore|x86.Build.0 = Release|Any CPU
		{2E3DF5C2-8A38-4A03-86D7-8D463C917E47}.Debug|Any CPU.ActiveCfg = Debug|Any CPU
		{2E3DF5C2-8A38-4A03-86D7-8D463C917E47}.Debug|Any CPU.Build.0 = Debug|Any CPU
		{2E3DF5C2-8A38-4A03-86D7-8D463C917E47}.Debug|ARM.ActiveCfg = Debug|Any CPU
		{2E3DF5C2-8A38-4A03-86D7-8D463C917E47}.Debug|ARM.Build.0 = Debug|Any CPU
		{2E3DF5C2-8A38-4A03-86D7-8D463C917E47}.Debug|iPhone.ActiveCfg = Debug|Any CPU
		{2E3DF5C2-8A38-4A03-86D7-8D463C917E47}.Debug|iPhone.Build.0 = Debug|Any CPU
		{2E3DF5C2-8A38-4A03-86D7-8D463C917E47}.Debug|iPhoneSimulator.ActiveCfg = Debug|Any CPU
		{2E3DF5C2-8A38-4A03-86D7-8D463C917E47}.Debug|iPhoneSimulator.Build.0 = Debug|Any CPU
		{2E3DF5C2-8A38-4A03-86D7-8D463C917E47}.Debug|x64.ActiveCfg = Debug|Any CPU
		{2E3DF5C2-8A38-4A03-86D7-8D463C917E47}.Debug|x64.Build.0 = Debug|Any CPU
		{2E3DF5C2-8A38-4A03-86D7-8D463C917E47}.Debug|x86.ActiveCfg = Debug|Any CPU
		{2E3DF5C2-8A38-4A03-86D7-8D463C917E47}.Debug|x86.Build.0 = Debug|Any CPU
		{2E3DF5C2-8A38-4A03-86D7-8D463C917E47}.Release|Any CPU.ActiveCfg = Release|Any CPU
		{2E3DF5C2-8A38-4A03-86D7-8D463C917E47}.Release|Any CPU.Build.0 = Release|Any CPU
		{2E3DF5C2-8A38-4A03-86D7-8D463C917E47}.Release|ARM.ActiveCfg = Release|Any CPU
		{2E3DF5C2-8A38-4A03-86D7-8D463C917E47}.Release|ARM.Build.0 = Release|Any CPU
		{2E3DF5C2-8A38-4A03-86D7-8D463C917E47}.Release|iPhone.ActiveCfg = Release|Any CPU
		{2E3DF5C2-8A38-4A03-86D7-8D463C917E47}.Release|iPhone.Build.0 = Release|Any CPU
		{2E3DF5C2-8A38-4A03-86D7-8D463C917E47}.Release|iPhoneSimulator.ActiveCfg = Release|Any CPU
		{2E3DF5C2-8A38-4A03-86D7-8D463C917E47}.Release|iPhoneSimulator.Build.0 = Release|Any CPU
		{2E3DF5C2-8A38-4A03-86D7-8D463C917E47}.Release|x64.ActiveCfg = Release|Any CPU
		{2E3DF5C2-8A38-4A03-86D7-8D463C917E47}.Release|x64.Build.0 = Release|Any CPU
		{2E3DF5C2-8A38-4A03-86D7-8D463C917E47}.Release|x86.ActiveCfg = Release|Any CPU
		{2E3DF5C2-8A38-4A03-86D7-8D463C917E47}.Release|x86.Build.0 = Release|Any CPU
		{BB038ECF-45C5-4C8E-8AE7-F9A86D1B39B0}.Ad-Hoc|Any CPU.ActiveCfg = Release|Any CPU
		{BB038ECF-45C5-4C8E-8AE7-F9A86D1B39B0}.Ad-Hoc|Any CPU.Build.0 = Release|Any CPU
		{BB038ECF-45C5-4C8E-8AE7-F9A86D1B39B0}.Ad-Hoc|ARM.ActiveCfg = Release|Any CPU
		{BB038ECF-45C5-4C8E-8AE7-F9A86D1B39B0}.Ad-Hoc|ARM.Build.0 = Release|Any CPU
		{BB038ECF-45C5-4C8E-8AE7-F9A86D1B39B0}.Ad-Hoc|iPhone.ActiveCfg = Release|Any CPU
		{BB038ECF-45C5-4C8E-8AE7-F9A86D1B39B0}.Ad-Hoc|iPhone.Build.0 = Release|Any CPU
		{BB038ECF-45C5-4C8E-8AE7-F9A86D1B39B0}.Ad-Hoc|iPhoneSimulator.ActiveCfg = Release|Any CPU
		{BB038ECF-45C5-4C8E-8AE7-F9A86D1B39B0}.Ad-Hoc|iPhoneSimulator.Build.0 = Release|Any CPU
		{BB038ECF-45C5-4C8E-8AE7-F9A86D1B39B0}.Ad-Hoc|x64.ActiveCfg = Release|Any CPU
		{BB038ECF-45C5-4C8E-8AE7-F9A86D1B39B0}.Ad-Hoc|x64.Build.0 = Release|Any CPU
		{BB038ECF-45C5-4C8E-8AE7-F9A86D1B39B0}.Ad-Hoc|x86.ActiveCfg = Release|Any CPU
		{BB038ECF-45C5-4C8E-8AE7-F9A86D1B39B0}.Ad-Hoc|x86.Build.0 = Release|Any CPU
		{BB038ECF-45C5-4C8E-8AE7-F9A86D1B39B0}.AppStore|Any CPU.ActiveCfg = Release|Any CPU
		{BB038ECF-45C5-4C8E-8AE7-F9A86D1B39B0}.AppStore|Any CPU.Build.0 = Release|Any CPU
		{BB038ECF-45C5-4C8E-8AE7-F9A86D1B39B0}.AppStore|ARM.ActiveCfg = Release|Any CPU
		{BB038ECF-45C5-4C8E-8AE7-F9A86D1B39B0}.AppStore|ARM.Build.0 = Release|Any CPU
		{BB038ECF-45C5-4C8E-8AE7-F9A86D1B39B0}.AppStore|iPhone.ActiveCfg = Release|Any CPU
		{BB038ECF-45C5-4C8E-8AE7-F9A86D1B39B0}.AppStore|iPhone.Build.0 = Release|Any CPU
		{BB038ECF-45C5-4C8E-8AE7-F9A86D1B39B0}.AppStore|iPhoneSimulator.ActiveCfg = Release|Any CPU
		{BB038ECF-45C5-4C8E-8AE7-F9A86D1B39B0}.AppStore|iPhoneSimulator.Build.0 = Release|Any CPU
		{BB038ECF-45C5-4C8E-8AE7-F9A86D1B39B0}.AppStore|x64.ActiveCfg = Release|Any CPU
		{BB038ECF-45C5-4C8E-8AE7-F9A86D1B39B0}.AppStore|x64.Build.0 = Release|Any CPU
		{BB038ECF-45C5-4C8E-8AE7-F9A86D1B39B0}.AppStore|x86.ActiveCfg = Release|Any CPU
		{BB038ECF-45C5-4C8E-8AE7-F9A86D1B39B0}.AppStore|x86.Build.0 = Release|Any CPU
		{BB038ECF-45C5-4C8E-8AE7-F9A86D1B39B0}.Debug|Any CPU.ActiveCfg = Debug|Any CPU
		{BB038ECF-45C5-4C8E-8AE7-F9A86D1B39B0}.Debug|Any CPU.Build.0 = Debug|Any CPU
		{BB038ECF-45C5-4C8E-8AE7-F9A86D1B39B0}.Debug|ARM.ActiveCfg = Debug|Any CPU
		{BB038ECF-45C5-4C8E-8AE7-F9A86D1B39B0}.Debug|ARM.Build.0 = Debug|Any CPU
		{BB038ECF-45C5-4C8E-8AE7-F9A86D1B39B0}.Debug|iPhone.ActiveCfg = Debug|Any CPU
		{BB038ECF-45C5-4C8E-8AE7-F9A86D1B39B0}.Debug|iPhone.Build.0 = Debug|Any CPU
		{BB038ECF-45C5-4C8E-8AE7-F9A86D1B39B0}.Debug|iPhoneSimulator.ActiveCfg = Debug|Any CPU
		{BB038ECF-45C5-4C8E-8AE7-F9A86D1B39B0}.Debug|iPhoneSimulator.Build.0 = Debug|Any CPU
		{BB038ECF-45C5-4C8E-8AE7-F9A86D1B39B0}.Debug|x64.ActiveCfg = Debug|Any CPU
		{BB038ECF-45C5-4C8E-8AE7-F9A86D1B39B0}.Debug|x64.Build.0 = Debug|Any CPU
		{BB038ECF-45C5-4C8E-8AE7-F9A86D1B39B0}.Debug|x86.ActiveCfg = Debug|Any CPU
		{BB038ECF-45C5-4C8E-8AE7-F9A86D1B39B0}.Debug|x86.Build.0 = Debug|Any CPU
		{BB038ECF-45C5-4C8E-8AE7-F9A86D1B39B0}.Release|Any CPU.ActiveCfg = Release|Any CPU
		{BB038ECF-45C5-4C8E-8AE7-F9A86D1B39B0}.Release|Any CPU.Build.0 = Release|Any CPU
		{BB038ECF-45C5-4C8E-8AE7-F9A86D1B39B0}.Release|ARM.ActiveCfg = Release|Any CPU
		{BB038ECF-45C5-4C8E-8AE7-F9A86D1B39B0}.Release|ARM.Build.0 = Release|Any CPU
		{BB038ECF-45C5-4C8E-8AE7-F9A86D1B39B0}.Release|iPhone.ActiveCfg = Release|Any CPU
		{BB038ECF-45C5-4C8E-8AE7-F9A86D1B39B0}.Release|iPhone.Build.0 = Release|Any CPU
		{BB038ECF-45C5-4C8E-8AE7-F9A86D1B39B0}.Release|iPhoneSimulator.ActiveCfg = Release|Any CPU
		{BB038ECF-45C5-4C8E-8AE7-F9A86D1B39B0}.Release|iPhoneSimulator.Build.0 = Release|Any CPU
		{BB038ECF-45C5-4C8E-8AE7-F9A86D1B39B0}.Release|x64.ActiveCfg = Release|Any CPU
		{BB038ECF-45C5-4C8E-8AE7-F9A86D1B39B0}.Release|x64.Build.0 = Release|Any CPU
		{BB038ECF-45C5-4C8E-8AE7-F9A86D1B39B0}.Release|x86.ActiveCfg = Release|Any CPU
		{BB038ECF-45C5-4C8E-8AE7-F9A86D1B39B0}.Release|x86.Build.0 = Release|Any CPU
		{869C8AC9-AE9C-4FB6-969C-8CE09D75F034}.Ad-Hoc|Any CPU.ActiveCfg = Release|Any CPU
		{869C8AC9-AE9C-4FB6-969C-8CE09D75F034}.Ad-Hoc|Any CPU.Build.0 = Release|Any CPU
		{869C8AC9-AE9C-4FB6-969C-8CE09D75F034}.Ad-Hoc|Any CPU.Deploy.0 = Release|Any CPU
		{869C8AC9-AE9C-4FB6-969C-8CE09D75F034}.Ad-Hoc|ARM.ActiveCfg = Release|Any CPU
		{869C8AC9-AE9C-4FB6-969C-8CE09D75F034}.Ad-Hoc|ARM.Build.0 = Release|Any CPU
		{869C8AC9-AE9C-4FB6-969C-8CE09D75F034}.Ad-Hoc|ARM.Deploy.0 = Release|Any CPU
		{869C8AC9-AE9C-4FB6-969C-8CE09D75F034}.Ad-Hoc|iPhone.ActiveCfg = Release|Any CPU
		{869C8AC9-AE9C-4FB6-969C-8CE09D75F034}.Ad-Hoc|iPhone.Build.0 = Release|Any CPU
		{869C8AC9-AE9C-4FB6-969C-8CE09D75F034}.Ad-Hoc|iPhone.Deploy.0 = Release|Any CPU
		{869C8AC9-AE9C-4FB6-969C-8CE09D75F034}.Ad-Hoc|iPhoneSimulator.ActiveCfg = Release|Any CPU
		{869C8AC9-AE9C-4FB6-969C-8CE09D75F034}.Ad-Hoc|iPhoneSimulator.Build.0 = Release|Any CPU
		{869C8AC9-AE9C-4FB6-969C-8CE09D75F034}.Ad-Hoc|iPhoneSimulator.Deploy.0 = Release|Any CPU
		{869C8AC9-AE9C-4FB6-969C-8CE09D75F034}.Ad-Hoc|x64.ActiveCfg = Release|Any CPU
		{869C8AC9-AE9C-4FB6-969C-8CE09D75F034}.Ad-Hoc|x64.Build.0 = Release|Any CPU
		{869C8AC9-AE9C-4FB6-969C-8CE09D75F034}.Ad-Hoc|x64.Deploy.0 = Release|Any CPU
		{869C8AC9-AE9C-4FB6-969C-8CE09D75F034}.Ad-Hoc|x86.ActiveCfg = Release|Any CPU
		{869C8AC9-AE9C-4FB6-969C-8CE09D75F034}.Ad-Hoc|x86.Build.0 = Release|Any CPU
		{869C8AC9-AE9C-4FB6-969C-8CE09D75F034}.Ad-Hoc|x86.Deploy.0 = Release|Any CPU
		{869C8AC9-AE9C-4FB6-969C-8CE09D75F034}.AppStore|Any CPU.ActiveCfg = Release|Any CPU
		{869C8AC9-AE9C-4FB6-969C-8CE09D75F034}.AppStore|Any CPU.Build.0 = Release|Any CPU
		{869C8AC9-AE9C-4FB6-969C-8CE09D75F034}.AppStore|Any CPU.Deploy.0 = Release|Any CPU
		{869C8AC9-AE9C-4FB6-969C-8CE09D75F034}.AppStore|ARM.ActiveCfg = Release|Any CPU
		{869C8AC9-AE9C-4FB6-969C-8CE09D75F034}.AppStore|ARM.Build.0 = Release|Any CPU
		{869C8AC9-AE9C-4FB6-969C-8CE09D75F034}.AppStore|ARM.Deploy.0 = Release|Any CPU
		{869C8AC9-AE9C-4FB6-969C-8CE09D75F034}.AppStore|iPhone.ActiveCfg = Release|Any CPU
		{869C8AC9-AE9C-4FB6-969C-8CE09D75F034}.AppStore|iPhone.Build.0 = Release|Any CPU
		{869C8AC9-AE9C-4FB6-969C-8CE09D75F034}.AppStore|iPhone.Deploy.0 = Release|Any CPU
		{869C8AC9-AE9C-4FB6-969C-8CE09D75F034}.AppStore|iPhoneSimulator.ActiveCfg = Release|Any CPU
		{869C8AC9-AE9C-4FB6-969C-8CE09D75F034}.AppStore|iPhoneSimulator.Build.0 = Release|Any CPU
		{869C8AC9-AE9C-4FB6-969C-8CE09D75F034}.AppStore|iPhoneSimulator.Deploy.0 = Release|Any CPU
		{869C8AC9-AE9C-4FB6-969C-8CE09D75F034}.AppStore|x64.ActiveCfg = Release|Any CPU
		{869C8AC9-AE9C-4FB6-969C-8CE09D75F034}.AppStore|x64.Build.0 = Release|Any CPU
		{869C8AC9-AE9C-4FB6-969C-8CE09D75F034}.AppStore|x64.Deploy.0 = Release|Any CPU
		{869C8AC9-AE9C-4FB6-969C-8CE09D75F034}.AppStore|x86.ActiveCfg = Release|Any CPU
		{869C8AC9-AE9C-4FB6-969C-8CE09D75F034}.AppStore|x86.Build.0 = Release|Any CPU
		{869C8AC9-AE9C-4FB6-969C-8CE09D75F034}.AppStore|x86.Deploy.0 = Release|Any CPU
		{869C8AC9-AE9C-4FB6-969C-8CE09D75F034}.Debug|Any CPU.ActiveCfg = Debug|Any CPU
		{869C8AC9-AE9C-4FB6-969C-8CE09D75F034}.Debug|Any CPU.Build.0 = Debug|Any CPU
		{869C8AC9-AE9C-4FB6-969C-8CE09D75F034}.Debug|Any CPU.Deploy.0 = Debug|Any CPU
		{869C8AC9-AE9C-4FB6-969C-8CE09D75F034}.Debug|ARM.ActiveCfg = Debug|Any CPU
		{869C8AC9-AE9C-4FB6-969C-8CE09D75F034}.Debug|ARM.Build.0 = Debug|Any CPU
		{869C8AC9-AE9C-4FB6-969C-8CE09D75F034}.Debug|ARM.Deploy.0 = Debug|Any CPU
		{869C8AC9-AE9C-4FB6-969C-8CE09D75F034}.Debug|iPhone.ActiveCfg = Debug|Any CPU
		{869C8AC9-AE9C-4FB6-969C-8CE09D75F034}.Debug|iPhone.Build.0 = Debug|Any CPU
		{869C8AC9-AE9C-4FB6-969C-8CE09D75F034}.Debug|iPhone.Deploy.0 = Debug|Any CPU
		{869C8AC9-AE9C-4FB6-969C-8CE09D75F034}.Debug|iPhoneSimulator.ActiveCfg = Debug|Any CPU
		{869C8AC9-AE9C-4FB6-969C-8CE09D75F034}.Debug|iPhoneSimulator.Build.0 = Debug|Any CPU
		{869C8AC9-AE9C-4FB6-969C-8CE09D75F034}.Debug|iPhoneSimulator.Deploy.0 = Debug|Any CPU
		{869C8AC9-AE9C-4FB6-969C-8CE09D75F034}.Debug|x64.ActiveCfg = Debug|Any CPU
		{869C8AC9-AE9C-4FB6-969C-8CE09D75F034}.Debug|x64.Build.0 = Debug|Any CPU
		{869C8AC9-AE9C-4FB6-969C-8CE09D75F034}.Debug|x64.Deploy.0 = Debug|Any CPU
		{869C8AC9-AE9C-4FB6-969C-8CE09D75F034}.Debug|x86.ActiveCfg = Debug|Any CPU
		{869C8AC9-AE9C-4FB6-969C-8CE09D75F034}.Debug|x86.Build.0 = Debug|Any CPU
		{869C8AC9-AE9C-4FB6-969C-8CE09D75F034}.Debug|x86.Deploy.0 = Debug|Any CPU
		{869C8AC9-AE9C-4FB6-969C-8CE09D75F034}.Release|Any CPU.ActiveCfg = Release|Any CPU
		{869C8AC9-AE9C-4FB6-969C-8CE09D75F034}.Release|Any CPU.Build.0 = Release|Any CPU
		{869C8AC9-AE9C-4FB6-969C-8CE09D75F034}.Release|Any CPU.Deploy.0 = Release|Any CPU
		{869C8AC9-AE9C-4FB6-969C-8CE09D75F034}.Release|ARM.ActiveCfg = Release|Any CPU
		{869C8AC9-AE9C-4FB6-969C-8CE09D75F034}.Release|ARM.Build.0 = Release|Any CPU
		{869C8AC9-AE9C-4FB6-969C-8CE09D75F034}.Release|ARM.Deploy.0 = Release|Any CPU
		{869C8AC9-AE9C-4FB6-969C-8CE09D75F034}.Release|iPhone.ActiveCfg = Release|Any CPU
		{869C8AC9-AE9C-4FB6-969C-8CE09D75F034}.Release|iPhone.Build.0 = Release|Any CPU
		{869C8AC9-AE9C-4FB6-969C-8CE09D75F034}.Release|iPhone.Deploy.0 = Release|Any CPU
		{869C8AC9-AE9C-4FB6-969C-8CE09D75F034}.Release|iPhoneSimulator.ActiveCfg = Release|Any CPU
		{869C8AC9-AE9C-4FB6-969C-8CE09D75F034}.Release|iPhoneSimulator.Build.0 = Release|Any CPU
		{869C8AC9-AE9C-4FB6-969C-8CE09D75F034}.Release|iPhoneSimulator.Deploy.0 = Release|Any CPU
		{869C8AC9-AE9C-4FB6-969C-8CE09D75F034}.Release|x64.ActiveCfg = Release|Any CPU
		{869C8AC9-AE9C-4FB6-969C-8CE09D75F034}.Release|x64.Build.0 = Release|Any CPU
		{869C8AC9-AE9C-4FB6-969C-8CE09D75F034}.Release|x64.Deploy.0 = Release|Any CPU
		{869C8AC9-AE9C-4FB6-969C-8CE09D75F034}.Release|x86.ActiveCfg = Release|Any CPU
		{869C8AC9-AE9C-4FB6-969C-8CE09D75F034}.Release|x86.Build.0 = Release|Any CPU
		{869C8AC9-AE9C-4FB6-969C-8CE09D75F034}.Release|x86.Deploy.0 = Release|Any CPU
		{7ECEF4F8-3C96-4271-9780-3A72F1D1FACF}.Ad-Hoc|Any CPU.ActiveCfg = Release|Any CPU
		{7ECEF4F8-3C96-4271-9780-3A72F1D1FACF}.Ad-Hoc|Any CPU.Build.0 = Release|Any CPU
		{7ECEF4F8-3C96-4271-9780-3A72F1D1FACF}.Ad-Hoc|ARM.ActiveCfg = Release|Any CPU
		{7ECEF4F8-3C96-4271-9780-3A72F1D1FACF}.Ad-Hoc|ARM.Build.0 = Release|Any CPU
		{7ECEF4F8-3C96-4271-9780-3A72F1D1FACF}.Ad-Hoc|iPhone.ActiveCfg = Release|Any CPU
		{7ECEF4F8-3C96-4271-9780-3A72F1D1FACF}.Ad-Hoc|iPhone.Build.0 = Release|Any CPU
		{7ECEF4F8-3C96-4271-9780-3A72F1D1FACF}.Ad-Hoc|iPhoneSimulator.ActiveCfg = Release|Any CPU
		{7ECEF4F8-3C96-4271-9780-3A72F1D1FACF}.Ad-Hoc|iPhoneSimulator.Build.0 = Release|Any CPU
		{7ECEF4F8-3C96-4271-9780-3A72F1D1FACF}.Ad-Hoc|x64.ActiveCfg = Release|Any CPU
		{7ECEF4F8-3C96-4271-9780-3A72F1D1FACF}.Ad-Hoc|x64.Build.0 = Release|Any CPU
		{7ECEF4F8-3C96-4271-9780-3A72F1D1FACF}.Ad-Hoc|x86.ActiveCfg = Release|Any CPU
		{7ECEF4F8-3C96-4271-9780-3A72F1D1FACF}.Ad-Hoc|x86.Build.0 = Release|Any CPU
		{7ECEF4F8-3C96-4271-9780-3A72F1D1FACF}.AppStore|Any CPU.ActiveCfg = Release|Any CPU
		{7ECEF4F8-3C96-4271-9780-3A72F1D1FACF}.AppStore|Any CPU.Build.0 = Release|Any CPU
		{7ECEF4F8-3C96-4271-9780-3A72F1D1FACF}.AppStore|ARM.ActiveCfg = Release|Any CPU
		{7ECEF4F8-3C96-4271-9780-3A72F1D1FACF}.AppStore|ARM.Build.0 = Release|Any CPU
		{7ECEF4F8-3C96-4271-9780-3A72F1D1FACF}.AppStore|iPhone.ActiveCfg = Release|Any CPU
		{7ECEF4F8-3C96-4271-9780-3A72F1D1FACF}.AppStore|iPhone.Build.0 = Release|Any CPU
		{7ECEF4F8-3C96-4271-9780-3A72F1D1FACF}.AppStore|iPhoneSimulator.ActiveCfg = Release|Any CPU
		{7ECEF4F8-3C96-4271-9780-3A72F1D1FACF}.AppStore|iPhoneSimulator.Build.0 = Release|Any CPU
		{7ECEF4F8-3C96-4271-9780-3A72F1D1FACF}.AppStore|x64.ActiveCfg = Release|Any CPU
		{7ECEF4F8-3C96-4271-9780-3A72F1D1FACF}.AppStore|x64.Build.0 = Release|Any CPU
		{7ECEF4F8-3C96-4271-9780-3A72F1D1FACF}.AppStore|x86.ActiveCfg = Release|Any CPU
		{7ECEF4F8-3C96-4271-9780-3A72F1D1FACF}.AppStore|x86.Build.0 = Release|Any CPU
		{7ECEF4F8-3C96-4271-9780-3A72F1D1FACF}.Debug|Any CPU.ActiveCfg = Debug|Any CPU
		{7ECEF4F8-3C96-4271-9780-3A72F1D1FACF}.Debug|Any CPU.Build.0 = Debug|Any CPU
		{7ECEF4F8-3C96-4271-9780-3A72F1D1FACF}.Debug|ARM.ActiveCfg = Debug|Any CPU
		{7ECEF4F8-3C96-4271-9780-3A72F1D1FACF}.Debug|ARM.Build.0 = Debug|Any CPU
		{7ECEF4F8-3C96-4271-9780-3A72F1D1FACF}.Debug|iPhone.ActiveCfg = Debug|Any CPU
		{7ECEF4F8-3C96-4271-9780-3A72F1D1FACF}.Debug|iPhone.Build.0 = Debug|Any CPU
		{7ECEF4F8-3C96-4271-9780-3A72F1D1FACF}.Debug|iPhoneSimulator.ActiveCfg = Debug|Any CPU
		{7ECEF4F8-3C96-4271-9780-3A72F1D1FACF}.Debug|iPhoneSimulator.Build.0 = Debug|Any CPU
		{7ECEF4F8-3C96-4271-9780-3A72F1D1FACF}.Debug|x64.ActiveCfg = Debug|Any CPU
		{7ECEF4F8-3C96-4271-9780-3A72F1D1FACF}.Debug|x64.Build.0 = Debug|Any CPU
		{7ECEF4F8-3C96-4271-9780-3A72F1D1FACF}.Debug|x86.ActiveCfg = Debug|Any CPU
		{7ECEF4F8-3C96-4271-9780-3A72F1D1FACF}.Debug|x86.Build.0 = Debug|Any CPU
		{7ECEF4F8-3C96-4271-9780-3A72F1D1FACF}.Release|Any CPU.ActiveCfg = Release|Any CPU
		{7ECEF4F8-3C96-4271-9780-3A72F1D1FACF}.Release|Any CPU.Build.0 = Release|Any CPU
		{7ECEF4F8-3C96-4271-9780-3A72F1D1FACF}.Release|ARM.ActiveCfg = Release|Any CPU
		{7ECEF4F8-3C96-4271-9780-3A72F1D1FACF}.Release|ARM.Build.0 = Release|Any CPU
		{7ECEF4F8-3C96-4271-9780-3A72F1D1FACF}.Release|iPhone.ActiveCfg = Release|Any CPU
		{7ECEF4F8-3C96-4271-9780-3A72F1D1FACF}.Release|iPhone.Build.0 = Release|Any CPU
		{7ECEF4F8-3C96-4271-9780-3A72F1D1FACF}.Release|iPhoneSimulator.ActiveCfg = Release|Any CPU
		{7ECEF4F8-3C96-4271-9780-3A72F1D1FACF}.Release|iPhoneSimulator.Build.0 = Release|Any CPU
		{7ECEF4F8-3C96-4271-9780-3A72F1D1FACF}.Release|x64.ActiveCfg = Release|Any CPU
		{7ECEF4F8-3C96-4271-9780-3A72F1D1FACF}.Release|x64.Build.0 = Release|Any CPU
		{7ECEF4F8-3C96-4271-9780-3A72F1D1FACF}.Release|x86.ActiveCfg = Release|Any CPU
		{7ECEF4F8-3C96-4271-9780-3A72F1D1FACF}.Release|x86.Build.0 = Release|Any CPU
		{18FADBC9-584F-4299-AC4E-038EDC548B77}.Ad-Hoc|Any CPU.ActiveCfg = Release|x86
		{18FADBC9-584F-4299-AC4E-038EDC548B77}.Ad-Hoc|Any CPU.Build.0 = Release|x86
		{18FADBC9-584F-4299-AC4E-038EDC548B77}.Ad-Hoc|Any CPU.Deploy.0 = Release|x86
		{18FADBC9-584F-4299-AC4E-038EDC548B77}.Ad-Hoc|ARM.ActiveCfg = Release|ARM
		{18FADBC9-584F-4299-AC4E-038EDC548B77}.Ad-Hoc|ARM.Build.0 = Release|ARM
		{18FADBC9-584F-4299-AC4E-038EDC548B77}.Ad-Hoc|ARM.Deploy.0 = Release|ARM
		{18FADBC9-584F-4299-AC4E-038EDC548B77}.Ad-Hoc|iPhone.ActiveCfg = Release|x86
		{18FADBC9-584F-4299-AC4E-038EDC548B77}.Ad-Hoc|iPhone.Build.0 = Release|x86
		{18FADBC9-584F-4299-AC4E-038EDC548B77}.Ad-Hoc|iPhone.Deploy.0 = Release|x86
		{18FADBC9-584F-4299-AC4E-038EDC548B77}.Ad-Hoc|iPhoneSimulator.ActiveCfg = Release|x86
		{18FADBC9-584F-4299-AC4E-038EDC548B77}.Ad-Hoc|iPhoneSimulator.Build.0 = Release|x86
		{18FADBC9-584F-4299-AC4E-038EDC548B77}.Ad-Hoc|iPhoneSimulator.Deploy.0 = Release|x86
		{18FADBC9-584F-4299-AC4E-038EDC548B77}.Ad-Hoc|x64.ActiveCfg = Release|x64
		{18FADBC9-584F-4299-AC4E-038EDC548B77}.Ad-Hoc|x64.Build.0 = Release|x64
		{18FADBC9-584F-4299-AC4E-038EDC548B77}.Ad-Hoc|x64.Deploy.0 = Release|x64
		{18FADBC9-584F-4299-AC4E-038EDC548B77}.Ad-Hoc|x86.ActiveCfg = Release|x86
		{18FADBC9-584F-4299-AC4E-038EDC548B77}.Ad-Hoc|x86.Build.0 = Release|x86
		{18FADBC9-584F-4299-AC4E-038EDC548B77}.Ad-Hoc|x86.Deploy.0 = Release|x86
		{18FADBC9-584F-4299-AC4E-038EDC548B77}.AppStore|Any CPU.ActiveCfg = Release|x86
		{18FADBC9-584F-4299-AC4E-038EDC548B77}.AppStore|Any CPU.Build.0 = Release|x86
		{18FADBC9-584F-4299-AC4E-038EDC548B77}.AppStore|Any CPU.Deploy.0 = Release|x86
		{18FADBC9-584F-4299-AC4E-038EDC548B77}.AppStore|ARM.ActiveCfg = Release|ARM
		{18FADBC9-584F-4299-AC4E-038EDC548B77}.AppStore|ARM.Build.0 = Release|ARM
		{18FADBC9-584F-4299-AC4E-038EDC548B77}.AppStore|ARM.Deploy.0 = Release|ARM
		{18FADBC9-584F-4299-AC4E-038EDC548B77}.AppStore|iPhone.ActiveCfg = Release|x86
		{18FADBC9-584F-4299-AC4E-038EDC548B77}.AppStore|iPhone.Build.0 = Release|x86
		{18FADBC9-584F-4299-AC4E-038EDC548B77}.AppStore|iPhone.Deploy.0 = Release|x86
		{18FADBC9-584F-4299-AC4E-038EDC548B77}.AppStore|iPhoneSimulator.ActiveCfg = Release|x86
		{18FADBC9-584F-4299-AC4E-038EDC548B77}.AppStore|iPhoneSimulator.Build.0 = Release|x86
		{18FADBC9-584F-4299-AC4E-038EDC548B77}.AppStore|iPhoneSimulator.Deploy.0 = Release|x86
		{18FADBC9-584F-4299-AC4E-038EDC548B77}.AppStore|x64.ActiveCfg = Release|x64
		{18FADBC9-584F-4299-AC4E-038EDC548B77}.AppStore|x64.Build.0 = Release|x64
		{18FADBC9-584F-4299-AC4E-038EDC548B77}.AppStore|x64.Deploy.0 = Release|x64
		{18FADBC9-584F-4299-AC4E-038EDC548B77}.AppStore|x86.ActiveCfg = Release|x86
		{18FADBC9-584F-4299-AC4E-038EDC548B77}.AppStore|x86.Build.0 = Release|x86
		{18FADBC9-584F-4299-AC4E-038EDC548B77}.AppStore|x86.Deploy.0 = Release|x86
		{18FADBC9-584F-4299-AC4E-038EDC548B77}.Debug|Any CPU.ActiveCfg = Debug|x86
		{18FADBC9-584F-4299-AC4E-038EDC548B77}.Debug|ARM.ActiveCfg = Debug|ARM
		{18FADBC9-584F-4299-AC4E-038EDC548B77}.Debug|ARM.Build.0 = Debug|ARM
		{18FADBC9-584F-4299-AC4E-038EDC548B77}.Debug|ARM.Deploy.0 = Debug|ARM
		{18FADBC9-584F-4299-AC4E-038EDC548B77}.Debug|iPhone.ActiveCfg = Debug|x86
		{18FADBC9-584F-4299-AC4E-038EDC548B77}.Debug|iPhoneSimulator.ActiveCfg = Debug|x86
		{18FADBC9-584F-4299-AC4E-038EDC548B77}.Debug|x64.ActiveCfg = Debug|x64
		{18FADBC9-584F-4299-AC4E-038EDC548B77}.Debug|x64.Build.0 = Debug|x64
		{18FADBC9-584F-4299-AC4E-038EDC548B77}.Debug|x64.Deploy.0 = Debug|x64
		{18FADBC9-584F-4299-AC4E-038EDC548B77}.Debug|x86.ActiveCfg = Debug|x86
		{18FADBC9-584F-4299-AC4E-038EDC548B77}.Debug|x86.Build.0 = Debug|x86
		{18FADBC9-584F-4299-AC4E-038EDC548B77}.Debug|x86.Deploy.0 = Debug|x86
		{18FADBC9-584F-4299-AC4E-038EDC548B77}.Release|Any CPU.ActiveCfg = Release|x86
		{18FADBC9-584F-4299-AC4E-038EDC548B77}.Release|ARM.ActiveCfg = Release|ARM
		{18FADBC9-584F-4299-AC4E-038EDC548B77}.Release|ARM.Build.0 = Release|ARM
		{18FADBC9-584F-4299-AC4E-038EDC548B77}.Release|ARM.Deploy.0 = Release|ARM
		{18FADBC9-584F-4299-AC4E-038EDC548B77}.Release|iPhone.ActiveCfg = Release|x86
		{18FADBC9-584F-4299-AC4E-038EDC548B77}.Release|iPhoneSimulator.ActiveCfg = Release|x86
		{18FADBC9-584F-4299-AC4E-038EDC548B77}.Release|x64.ActiveCfg = Release|x64
		{18FADBC9-584F-4299-AC4E-038EDC548B77}.Release|x64.Build.0 = Release|x64
		{18FADBC9-584F-4299-AC4E-038EDC548B77}.Release|x64.Deploy.0 = Release|x64
		{18FADBC9-584F-4299-AC4E-038EDC548B77}.Release|x86.ActiveCfg = Release|x86
		{18FADBC9-584F-4299-AC4E-038EDC548B77}.Release|x86.Build.0 = Release|x86
		{18FADBC9-584F-4299-AC4E-038EDC548B77}.Release|x86.Deploy.0 = Release|x86
		{3E10A3FC-3EC8-47BA-BCE4-5E41717E5792}.Ad-Hoc|Any CPU.ActiveCfg = Ad-Hoc|iPhone
		{3E10A3FC-3EC8-47BA-BCE4-5E41717E5792}.Ad-Hoc|ARM.ActiveCfg = Ad-Hoc|iPhone
		{3E10A3FC-3EC8-47BA-BCE4-5E41717E5792}.Ad-Hoc|iPhone.ActiveCfg = Ad-Hoc|iPhone
		{3E10A3FC-3EC8-47BA-BCE4-5E41717E5792}.Ad-Hoc|iPhone.Build.0 = Ad-Hoc|iPhone
		{3E10A3FC-3EC8-47BA-BCE4-5E41717E5792}.Ad-Hoc|iPhoneSimulator.ActiveCfg = Ad-Hoc|iPhoneSimulator
		{3E10A3FC-3EC8-47BA-BCE4-5E41717E5792}.Ad-Hoc|iPhoneSimulator.Build.0 = Ad-Hoc|iPhoneSimulator
		{3E10A3FC-3EC8-47BA-BCE4-5E41717E5792}.Ad-Hoc|x64.ActiveCfg = Ad-Hoc|iPhone
		{3E10A3FC-3EC8-47BA-BCE4-5E41717E5792}.Ad-Hoc|x86.ActiveCfg = Ad-Hoc|iPhone
		{3E10A3FC-3EC8-47BA-BCE4-5E41717E5792}.AppStore|Any CPU.ActiveCfg = AppStore|iPhone
		{3E10A3FC-3EC8-47BA-BCE4-5E41717E5792}.AppStore|ARM.ActiveCfg = AppStore|iPhone
		{3E10A3FC-3EC8-47BA-BCE4-5E41717E5792}.AppStore|iPhone.ActiveCfg = AppStore|iPhone
		{3E10A3FC-3EC8-47BA-BCE4-5E41717E5792}.AppStore|iPhone.Build.0 = AppStore|iPhone
		{3E10A3FC-3EC8-47BA-BCE4-5E41717E5792}.AppStore|iPhoneSimulator.ActiveCfg = AppStore|iPhoneSimulator
		{3E10A3FC-3EC8-47BA-BCE4-5E41717E5792}.AppStore|iPhoneSimulator.Build.0 = AppStore|iPhoneSimulator
		{3E10A3FC-3EC8-47BA-BCE4-5E41717E5792}.AppStore|x64.ActiveCfg = AppStore|iPhone
		{3E10A3FC-3EC8-47BA-BCE4-5E41717E5792}.AppStore|x86.ActiveCfg = AppStore|iPhone
		{3E10A3FC-3EC8-47BA-BCE4-5E41717E5792}.Debug|Any CPU.ActiveCfg = Debug|iPhone
		{3E10A3FC-3EC8-47BA-BCE4-5E41717E5792}.Debug|ARM.ActiveCfg = Debug|iPhone
		{3E10A3FC-3EC8-47BA-BCE4-5E41717E5792}.Debug|iPhone.ActiveCfg = Debug|iPhone
		{3E10A3FC-3EC8-47BA-BCE4-5E41717E5792}.Debug|iPhone.Build.0 = Debug|iPhone
		{3E10A3FC-3EC8-47BA-BCE4-5E41717E5792}.Debug|iPhoneSimulator.ActiveCfg = Debug|iPhoneSimulator
		{3E10A3FC-3EC8-47BA-BCE4-5E41717E5792}.Debug|iPhoneSimulator.Build.0 = Debug|iPhoneSimulator
		{3E10A3FC-3EC8-47BA-BCE4-5E41717E5792}.Debug|x64.ActiveCfg = Debug|iPhone
		{3E10A3FC-3EC8-47BA-BCE4-5E41717E5792}.Debug|x86.ActiveCfg = Debug|iPhone
		{3E10A3FC-3EC8-47BA-BCE4-5E41717E5792}.Release|Any CPU.ActiveCfg = Release|iPhone
		{3E10A3FC-3EC8-47BA-BCE4-5E41717E5792}.Release|ARM.ActiveCfg = Release|iPhone
		{3E10A3FC-3EC8-47BA-BCE4-5E41717E5792}.Release|iPhone.ActiveCfg = Release|iPhone
		{3E10A3FC-3EC8-47BA-BCE4-5E41717E5792}.Release|iPhone.Build.0 = Release|iPhone
		{3E10A3FC-3EC8-47BA-BCE4-5E41717E5792}.Release|iPhoneSimulator.ActiveCfg = Release|iPhoneSimulator
		{3E10A3FC-3EC8-47BA-BCE4-5E41717E5792}.Release|iPhoneSimulator.Build.0 = Release|iPhoneSimulator
		{3E10A3FC-3EC8-47BA-BCE4-5E41717E5792}.Release|x64.ActiveCfg = Release|iPhone
		{3E10A3FC-3EC8-47BA-BCE4-5E41717E5792}.Release|x86.ActiveCfg = Release|iPhone
	EndGlobalSection
	GlobalSection(SolutionProperties) = preSolution
		HideSolutionNode = FALSE
	EndGlobalSection
EndGlobal
